
Microsoft Visual Studio Solution File, Format Version 12.00
# Visual Studio Version 17
VisualStudioVersion = 17.12.35527.113 d17.12
MinimumVisualStudioVersion = 10.0.40219.1
Project("{FAE04EC0-301F-11D3-BF4B-00C04F79EFBC}") = "OrleansSerialization.Contracts", "OrleansSerialization.Contracts\OrleansSerialization.Contracts.csproj", "{C5B83A2B-E42B-41AC-9546-53503F4D4078}"
EndProject
Project("{FAE04EC0-301F-11D3-BF4B-00C04F79EFBC}") = "OrleansSerialization.Tests", "OrleansSerialization.Tests\OrleansSerialization.Tests.csproj", "{793B699C-034E-45A5-8B2F-14B45B6C36CF}"
EndProject
Global
	GlobalSection(SolutionConfigurationPlatforms) = preSolution
		Debug|Any CPU = Debug|Any CPU
		Release|Any CPU = Release|Any CPU
	EndGlobalSection
	GlobalSection(ProjectConfigurationPlatforms) = postSolution
		{C5B83A2B-E42B-41AC-9546-53503F4D4078}.Debug|Any CPU.ActiveCfg = Debug|Any CPU
		{C5B83A2B-E42B-41AC-9546-53503F4D4078}.Debug|Any CPU.Build.0 = Debug|Any CPU
		{C5B83A2B-E42B-41AC-9546-53503F4D4078}.Release|Any CPU.ActiveCfg = Release|Any CPU
		{C5B83A2B-E42B-41AC-9546-53503F4D4078}.Release|Any CPU.Build.0 = Release|Any CPU
		{793B699C-034E-45A5-8B2F-14B45B6C36CF}.Debug|Any CPU.ActiveCfg = Debug|Any CPU
		{793B699C-034E-45A5-8B2F-14B45B6C36CF}.Debug|Any CPU.Build.0 = Debug|Any CPU
		{793B699C-034E-45A5-8B2F-14B45B6C36CF}.Release|Any CPU.ActiveCfg = Release|Any CPU
		{793B699C-034E-45A5-8B2F-14B45B6C36CF}.Release|Any CPU.Build.0 = Release|Any CPU
	EndGlobalSection
	GlobalSection(SolutionProperties) = preSolution
		HideSolutionNode = FALSE
	EndGlobalSection
EndGlobal
